// !$*UTF8*$!
{
	archiveVersion = 1;
	classes = {
	};
	objectVersion = 50;
	objects = {

/* Begin PBXBuildFile section */
		4AC77336A9E80B40FC1EE5EA /* Pods_TestChatApp.framework in Frameworks */ = {isa = PBXBuildFile; fileRef = B2E98979387F6FB81ACD84EE /* Pods_TestChatApp.framework */; };
		8E2F8A6C227BD21D00DBD1F6 /* AppDelegate.swift in Sources */ = {isa = PBXBuildFile; fileRef = 8E2F8A6B227BD21D00DBD1F6 /* AppDelegate.swift */; };
		8E2F8A6E227BD21D00DBD1F6 /* ViewController.swift in Sources */ = {isa = PBXBuildFile; fileRef = 8E2F8A6D227BD21D00DBD1F6 /* ViewController.swift */; };
		8E2F8A71227BD21E00DBD1F6 /* Main.storyboard in Resources */ = {isa = PBXBuildFile; fileRef = 8E2F8A6F227BD21E00DBD1F6 /* Main.storyboard */; };
		8E2F8A73227BD22000DBD1F6 /* Assets.xcassets in Resources */ = {isa = PBXBuildFile; fileRef = 8E2F8A72227BD22000DBD1F6 /* Assets.xcassets */; };
		8E2F8A76227BD22000DBD1F6 /* LaunchScreen.storyboard in Resources */ = {isa = PBXBuildFile; fileRef = 8E2F8A74227BD22000DBD1F6 /* LaunchScreen.storyboard */; };
		8E2F8A7E227BD5D400DBD1F6 /* Message.swift in Sources */ = {isa = PBXBuildFile; fileRef = 8E2F8A7D227BD5D400DBD1F6 /* Message.swift */; };
/* End PBXBuildFile section */

/* Begin PBXFileReference section */
		8E2F8A68227BD21D00DBD1F6 /* TestChatApp.app */ = {isa = PBXFileReference; explicitFileType = wrapper.application; includeInIndex = 0; path = TestChatApp.app; sourceTree = BUILT_PRODUCTS_DIR; };
		8E2F8A6B227BD21D00DBD1F6 /* AppDelegate.swift */ = {isa = PBXFileReference; lastKnownFileType = sourcecode.swift; path = AppDelegate.swift; sourceTree = "<group>"; };
		8E2F8A6D227BD21D00DBD1F6 /* ViewController.swift */ = {isa = PBXFileReference; lastKnownFileType = sourcecode.swift; path = ViewController.swift; sourceTree = "<group>"; };
		8E2F8A70227BD21E00DBD1F6 /* Base */ = {isa = PBXFileReference; lastKnownFileType = file.storyboard; name = Base; path = Base.lproj/Main.storyboard; sourceTree = "<group>"; };
		8E2F8A72227BD22000DBD1F6 /* Assets.xcassets */ = {isa = PBXFileReference; lastKnownFileType = folder.assetcatalog; path = Assets.xcassets; sourceTree = "<group>"; };
		8E2F8A75227BD22000DBD1F6 /* Base */ = {isa = PBXFileReference; lastKnownFileType = file.storyboard; name = Base; path = Base.lproj/LaunchScreen.storyboard; sourceTree = "<group>"; };
		8E2F8A77227BD22000DBD1F6 /* Info.plist */ = {isa = PBXFileReference; lastKnownFileType = text.plist.xml; path = Info.plist; sourceTree = "<group>"; };
		8E2F8A7D227BD5D400DBD1F6 /* Message.swift */ = {isa = PBXFileReference; lastKnownFileType = sourcecode.swift; path = Message.swift; sourceTree = "<group>"; };
		934E654AB26D3631588F5F25 /* Pods-TestChatApp.release.xcconfig */ = {isa = PBXFileReference; includeInIndex = 1; lastKnownFileType = text.xcconfig; name = "Pods-TestChatApp.release.xcconfig"; path = "Pods/Target Support Files/Pods-TestChatApp/Pods-TestChatApp.release.xcconfig"; sourceTree = "<group>"; };
		95539743900A3F8DB626D510 /* Pods-TestChatApp.debug.xcconfig */ = {isa = PBXFileReference; includeInIndex = 1; lastKnownFileType = text.xcconfig; name = "Pods-TestChatApp.debug.xcconfig"; path = "Pods/Target Support Files/Pods-TestChatApp/Pods-TestChatApp.debug.xcconfig"; sourceTree = "<group>"; };
		B2E98979387F6FB81ACD84EE /* Pods_TestChatApp.framework */ = {isa = PBXFileReference; explicitFileType = wrapper.framework; includeInIndex = 0; path = Pods_TestChatApp.framework; sourceTree = BUILT_PRODUCTS_DIR; };
/* End PBXFileReference section */

/* Begin PBXFrameworksBuildPhase section */
		8E2F8A65227BD21D00DBD1F6 /* Frameworks */ = {
			isa = PBXFrameworksBuildPhase;
			buildActionMask = 2147483647;
			files = (
				4AC77336A9E80B40FC1EE5EA /* Pods_TestChatApp.framework in Frameworks */,
			);
			runOnlyForDeploymentPostprocessing = 0;
		};
/* End PBXFrameworksBuildPhase section */

/* Begin PBXGroup section */
		0F5B35D3678C3925B45157D4 /* Pods */ = {
			isa = PBXGroup;
			children = (
				95539743900A3F8DB626D510 /* Pods-TestChatApp.debug.xcconfig */,
				934E654AB26D3631588F5F25 /* Pods-TestChatApp.release.xcconfig */,
			);
			name = Pods;
			sourceTree = "<group>";
		};
		8E2F8A5F227BD21D00DBD1F6 = {
			isa = PBXGroup;
			children = (
				8E2F8A6A227BD21D00DBD1F6 /* TestChatApp */,
				8E2F8A69227BD21D00DBD1F6 /* Products */,
				0F5B35D3678C3925B45157D4 /* Pods */,
				C0D39DB2DF803375074C8590 /* Frameworks */,
			);
			sourceTree = "<group>";
		};
		8E2F8A69227BD21D00DBD1F6 /* Products */ = {
			isa = PBXGroup;
			children = (
				8E2F8A68227BD21D00DBD1F6 /* TestChatApp.app */,
			);
			name = Products;
			sourceTree = "<group>";
		};
		8E2F8A6A227BD21D00DBD1F6 /* TestChatApp */ = {
			isa = PBXGroup;
			children = (
				8E2F8A6B227BD21D00DBD1F6 /* AppDelegate.swift */,
				8E2F8A6D227BD21D00DBD1F6 /* ViewController.swift */,
				8E2F8A7D227BD5D400DBD1F6 /* Message.swift */,
				8E2F8A6F227BD21E00DBD1F6 /* Main.storyboard */,
				8E2F8A72227BD22000DBD1F6 /* Assets.xcassets */,
				8E2F8A74227BD22000DBD1F6 /* LaunchScreen.storyboard */,
				8E2F8A77227BD22000DBD1F6 /* Info.plist */,
			);
			path = TestChatApp;
			sourceTree = "<group>";
		};
		C0D39DB2DF803375074C8590 /* Frameworks */ = {
			isa = PBXGroup;
			children = (
				B2E98979387F6FB81ACD84EE /* Pods_TestChatApp.framework */,
			);
			name = Frameworks;
			sourceTree = "<group>";
		};
/* End PBXGroup section */

/* Begin PBXNativeTarget section */
		8E2F8A67227BD21D00DBD1F6 /* TestChatApp */ = {
			isa = PBXNativeTarget;
			buildConfigurationList = 8E2F8A7A227BD22000DBD1F6 /* Build configuration list for PBXNativeTarget "TestChatApp" */;
			buildPhases = (
				5E7F3D5F5CDAE71100475DA2 /* [CP] Check Pods Manifest.lock */,
				8E2F8A64227BD21D00DBD1F6 /* Sources */,
				8E2F8A65227BD21D00DBD1F6 /* Frameworks */,
				8E2F8A66227BD21D00DBD1F6 /* Resources */,
				E081A8AEB45AC8D3EFFEEDAB /* [CP] Embed Pods Frameworks */,
			);
			buildRules = (
			);
			dependencies = (
			);
			name = TestChatApp;
			productName = TestChatApp;
			productReference = 8E2F8A68227BD21D00DBD1F6 /* TestChatApp.app */;
			productType = "com.apple.product-type.application";
		};
/* End PBXNativeTarget section */

/* Begin PBXProject section */
		8E2F8A60227BD21D00DBD1F6 /* Project object */ = {
			isa = PBXProject;
			attributes = {
				LastSwiftUpdateCheck = 1010;
				LastUpgradeCheck = 1010;
				ORGANIZATIONNAME = TestCompany;
				TargetAttributes = {
					8E2F8A67227BD21D00DBD1F6 = {
						CreatedOnToolsVersion = 10.1;
					};
				};
			};
			buildConfigurationList = 8E2F8A63227BD21D00DBD1F6 /* Build configuration list for PBXProject "TestChatApp" */;
			compatibilityVersion = "Xcode 9.3";
			developmentRegion = en;
			hasScannedForEncodings = 0;
			knownRegions = (
				en,
				Base,
			);
			mainGroup = 8E2F8A5F227BD21D00DBD1F6;
			productRefGroup = 8E2F8A69227BD21D00DBD1F6 /* Products */;
			projectDirPath = "";
			projectRoot = "";
			targets = (
				8E2F8A67227BD21D00DBD1F6 /* TestChatApp */,
			);
		};
/* End PBXProject section */

/* Begin PBXResourcesBuildPhase section */
		8E2F8A66227BD21D00DBD1F6 /* Resources */ = {
			isa = PBXResourcesBuildPhase;
			buildActionMask = 2147483647;
			files = (
				8E2F8A76227BD22000DBD1F6 /* LaunchScreen.storyboard in Resources */,
				8E2F8A73227BD22000DBD1F6 /* Assets.xcassets in Resources */,
				8E2F8A71227BD21E00DBD1F6 /* Main.storyboard in Resources */,
			);
			runOnlyForDeploymentPostprocessing = 0;
		};
/* End PBXResourcesBuildPhase section */

/* Begin PBXShellScriptBuildPhase section */
		5E7F3D5F5CDAE71100475DA2 /* [CP] Check Pods Manifest.lock */ = {
			isa = PBXShellScriptBuildPhase;
			buildActionMask = 2147483647;
			files = (
			);
			inputPaths = (
				"${PODS_PODFILE_DIR_PATH}/Podfile.lock",
				"${PODS_ROOT}/Manifest.lock",
			);
			name = "[CP] Check Pods Manifest.lock";
			outputPaths = (
				"$(DERIVED_FILE_DIR)/Pods-TestChatApp-checkManifestLockResult.txt",
			);
			runOnlyForDeploymentPostprocessing = 0;
			shellPath = /bin/sh;
			shellScript = "diff \"${PODS_PODFILE_DIR_PATH}/Podfile.lock\" \"${PODS_ROOT}/Manifest.lock\" > /dev/null\nif [ $? != 0 ] ; then\n    # print error to STDERR\n    echo \"error: The sandbox is not in sync with the Podfile.lock. Run 'pod install' or update your CocoaPods installation.\" >&2\n    exit 1\nfi\n# This output is used by Xcode 'outputs' to avoid re-running this script phase.\necho \"SUCCESS\" > \"${SCRIPT_OUTPUT_FILE_0}\"\n";
			showEnvVarsInLog = 0;
		};
		E081A8AEB45AC8D3EFFEEDAB /* [CP] Embed Pods Frameworks */ = {
			isa = PBXShellScriptBuildPhase;
			buildActionMask = 2147483647;
			files = (
			);
			inputPaths = (
				"${SRCROOT}/Pods/Target Support Files/Pods-TestChatApp/Pods-TestChatApp-frameworks.sh",
				"${BUILT_PRODUCTS_DIR}/InputBarAccessoryView/InputBarAccessoryView.framework",
				"${BUILT_PRODUCTS_DIR}/MessageKit/MessageKit.framework",
				"${BUILT_PRODUCTS_DIR}/Scaledrone/Scaledrone.framework",
				"${BUILT_PRODUCTS_DIR}/Starscream/Starscream.framework",
			);
			name = "[CP] Embed Pods Frameworks";
			outputPaths = (
				"${TARGET_BUILD_DIR}/${FRAMEWORKS_FOLDER_PATH}/InputBarAccessoryView.framework",
				"${TARGET_BUILD_DIR}/${FRAMEWORKS_FOLDER_PATH}/MessageKit.framework",
				"${TARGET_BUILD_DIR}/${FRAMEWORKS_FOLDER_PATH}/Scaledrone.framework",
				"${TARGET_BUILD_DIR}/${FRAMEWORKS_FOLDER_PATH}/Starscream.framework",
			);
			runOnlyForDeploymentPostprocessing = 0;
			shellPath = /bin/sh;
			shellScript = "\"${SRCROOT}/Pods/Target Support Files/Pods-TestChatApp/Pods-TestChatApp-frameworks.sh\"\n";
			showEnvVarsInLog = 0;
		};
/* End PBXShellScriptBuildPhase section */

/* Begin PBXSourcesBuildPhase section */
		8E2F8A64227BD21D00DBD1F6 /* Sources */ = {
			isa = PBXSourcesBuildPhase;
			buildActionMask = 2147483647;
			files = (
				8E2F8A7E227BD5D400DBD1F6 /* Message.swift in Sources */,
				8E2F8A6E227BD21D00DBD1F6 /* ViewController.swift in Sources */,
				8E2F8A6C227BD21D00DBD1F6 /* AppDelegate.swift in Sources */,
			);
			runOnlyForDeploymentPostprocessing = 0;
		};
/* End PBXSourcesBuildPhase section */

/* Begin PBXVariantGroup section */
		8E2F8A6F227BD21E00DBD1F6 /* Main.storyboard */ = {
			isa = PBXVariantGroup;
			children = (
				8E2F8A70227BD21E00DBD1F6 /* Base */,
			);
			name = Main.storyboard;
			sourceTree = "<group>";
		};
		8E2F8A74227BD22000DBD1F6 /* LaunchScreen.storyboard */ = {
			isa = PBXVariantGroup;
			children = (
				8E2F8A75227BD22000DBD1F6 /* Base */,
			);
			name = LaunchScreen.storyboard;
			sourceTree = "<group>";
		};
/* End PBXVariantGroup section */

/* Begin XCBuildConfiguration section */
		8E2F8A78227BD22000DBD1F6 /* Debug */ = {
			isa = XCBuildConfiguration;
			buildSettings = {
				ALWAYS_SEARCH_USER_PATHS = NO;
				CLANG_ANALYZER_NONNULL = YES;
				CLANG_ANALYZER_NUMBER_OBJECT_CONVERSION = YES_AGGRESSIVE;
				CLANG_CXX_LANGUAGE_STANDARD = "gnu++14";
				CLANG_CXX_LIBRARY = "libc++";
				CLANG_ENABLE_MODULES = YES;
				CLANG_ENABLE_OBJC_ARC = YES;
				CLANG_ENABLE_OBJC_WEAK = YES;
				CLANG_WARN_BLOCK_CAPTURE_AUTORELEASING = YES;
				CLANG_WARN_BOOL_CONVERSION = YES;
				CLANG_WARN_COMMA = YES;
				CLANG_WARN_CONSTANT_CONVERSION = YES;
				CLANG_WARN_DEPRECATED_OBJC_IMPLEMENTATIONS = YES;
				CLANG_WARN_DIRECT_OBJC_ISA_USAGE = YES_ERROR;
				CLANG_WARN_DOCUMENTATION_COMMENTS = YES;
				CLANG_WARN_EMPTY_BODY = YES;
				CLANG_WARN_ENUM_CONVERSION = YES;
				CLANG_WARN_INFINITE_RECURSION = YES;
				CLANG_WARN_INT_CONVERSION = YES;
				CLANG_WARN_NON_LITERAL_NULL_CONVERSION = YES;
				CLANG_WARN_OBJC_IMPLICIT_RETAIN_SELF = YES;
				CLANG_WARN_OBJC_LITERAL_CONVERSION = YES;
				CLANG_WARN_OBJC_ROOT_CLASS = YES_ERROR;
				CLANG_WARN_RANGE_LOOP_ANALYSIS = YES;
				CLANG_WARN_STRICT_PROTOTYPES = YES;
				CLANG_WARN_SUSPICIOUS_MOVE = YES;
				CLANG_WARN_UNGUARDED_AVAILABILITY = YES_AGGRESSIVE;
				CLANG_WARN_UNREACHABLE_CODE = YES;
				CLANG_WARN__DUPLICATE_METHOD_MATCH = YES;
				CODE_SIGN_IDENTITY = "iPhone Developer";
				COPY_PHASE_STRIP = NO;
				DEBUG_INFORMATION_FORMAT = dwarf;
				ENABLE_STRICT_OBJC_MSGSEND = YES;
				ENABLE_TESTABILITY = YES;
				GCC_C_LANGUAGE_STANDARD = gnu11;
				GCC_DYNAMIC_NO_PIC = NO;
				GCC_NO_COMMON_BLOCKS = YES;
				GCC_OPTIMIZATION_LEVEL = 0;
				GCC_PREPROCESSOR_DEFINITIONS = (
					"DEBUG=1",
					"$(inherited)",
				);
				GCC_WARN_64_TO_32_BIT_CONVERSION = YES;
				GCC_WARN_ABOUT_RETURN_TYPE = YES_ERROR;
				GCC_WARN_UNDECLARED_SELECTOR = YES;
				GCC_WARN_UNINITIALIZED_AUTOS = YES_AGGRESSIVE;
				GCC_WARN_UNUSED_FUNCTION = YES;
				GCC_WARN_UNUSED_VARIABLE = YES;
				IPHONEOS_DEPLOYMENT_TARGET = 12.1;
				MTL_ENABLE_DEBUG_INFO = INCLUDE_SOURCE;
				MTL_FAST_MATH = YES;
				ONLY_ACTIVE_ARCH = YES;
				SDKROOT = iphoneos;
				SWIFT_ACTIVE_COMPILATION_CONDITIONS = DEBUG;
				SWIFT_OPTIMIZATION_LEVEL = "-Onone";
			};
			name = Debug;
		};
		8E2F8A79227BD22000DBD1F6 /* Release */ = {
			isa = XCBuildConfiguration;
			buildSettings = {
				ALWAYS_SEARCH_USER_PATHS = NO;
				CLANG_ANALYZER_NONNULL = YES;
				CLANG_ANALYZER_NUMBER_OBJECT_CONVERSION = YES_AGGRESSIVE;
				CLANG_CXX_LANGUAGE_STANDARD = "gnu++14";
				CLANG_CXX_LIBRARY = "libc++";
				CLANG_ENABLE_MODULES = YES;
				CLANG_ENABLE_OBJC_ARC = YES;
				CLANG_ENABLE_OBJC_WEAK = YES;
				CLANG_WARN_BLOCK_CAPTURE_AUTORELEASING = YES;
				CLANG_WARN_BOOL_CONVERSION = YES;
				CLANG_WARN_COMMA = YES;
				CLANG_WARN_CONSTANT_CONVERSION = YES;
				CLANG_WARN_DEPRECATED_OBJC_IMPLEMENTATIONS = YES;
				CLANG_WARN_DIRECT_OBJC_ISA_USAGE = YES_ERROR;
				CLANG_WARN_DOCUMENTATION_COMMENTS = YES;
				CLANG_WARN_EMPTY_BODY = YES;
				CLANG_WARN_ENUM_CONVERSION = YES;
				CLANG_WARN_INFINITE_RECURSION = YES;
				CLANG_WARN_INT_CONVERSION = YES;
				CLANG_WARN_NON_LITERAL_NULL_CONVERSION = YES;
				CLANG_WARN_OBJC_IMPLICIT_RETAIN_SELF = YES;
				CLANG_WARN_OBJC_LITERAL_CONVERSION = YES;
				CLANG_WARN_OBJC_ROOT_CLASS = YES_ERROR;
				CLANG_WARN_RANGE_LOOP_ANALYSIS = YES;
				CLANG_WARN_STRICT_PROTOTYPES = YES;
				CLANG_WARN_SUSPICIOUS_MOVE = YES;
				CLANG_WARN_UNGUARDED_AVAILABILITY = YES_AGGRESSIVE;
				CLANG_WARN_UNREACHABLE_CODE = YES;
				CLANG_WARN__DUPLICATE_METHOD_MATCH = YES;
				CODE_SIGN_IDENTITY = "iPhone Developer";
				COPY_PHASE_STRIP = NO;
				DEBUG_INFORMATION_FORMAT = "dwarf-with-dsym";
				ENABLE_NS_ASSERTIONS = NO;
				ENABLE_STRICT_OBJC_MSGSEND = YES;
				GCC_C_LANGUAGE_STANDARD = gnu11;
				GCC_NO_COMMON_BLOCKS = YES;
				GCC_WARN_64_TO_32_BIT_CONVERSION = YES;
				GCC_WARN_ABOUT_RETURN_TYPE = YES_ERROR;
				GCC_WARN_UNDECLARED_SELECTOR = YES;
				GCC_WARN_UNINITIALIZED_AUTOS = YES_AGGRESSIVE;
				GCC_WARN_UNUSED_FUNCTION = YES;
				GCC_WARN_UNUSED_VARIABLE = YES;
				IPHONEOS_DEPLOYMENT_TARGET = 12.1;
				MTL_ENABLE_DEBUG_INFO = NO;
				MTL_FAST_MATH = YES;
				SDKROOT = iphoneos;
				SWIFT_COMPILATION_MODE = wholemodule;
				SWIFT_OPTIMIZATION_LEVEL = "-O";
				VALIDATE_PRODUCT = YES;
			};
			name = Release;
		};
		8E2F8A7B227BD22000DBD1F6 /* Debug */ = {
			isa = XCBuildConfiguration;
			baseConfigurationReference = 95539743900A3F8DB626D510 /* Pods-TestChatApp.debug.xcconfig */;
			buildSettings = {
				ASSETCATALOG_COMPILER_APPICON_NAME = AppIcon;
				CODE_SIGN_STYLE = Automatic;
				DEVELOPMENT_TEAM = 87AP3TB9X5;
				INFOPLIST_FILE = TestChatApp/Info.plist;
				IPHONEOS_DEPLOYMENT_TARGET = 10.0;
				LD_RUNPATH_SEARCH_PATHS = (
					"$(inherited)",
					"@executable_path/Frameworks",
				);
				PRODUCT_BUNDLE_IDENTIFIER = com.interviewTest.TestChatApp;
				PRODUCT_NAME = "$(TARGET_NAME)";
				SWIFT_VERSION = 4.2;
				TARGETED_DEVICE_FAMILY = "1,2";
			};
			name = Debug;
		};
		8E2F8A7C227BD22000DBD1F6 /* Release */ = {
			isa = XCBuildConfiguration;
			baseConfigurationReference = 934E654AB26D3631588F5F25 /* Pods-TestChatApp.release.xcconfig */;
			buildSettings = {
				ASSETCATALOG_COMPILER_APPICON_NAME = AppIcon;
				CODE_SIGN_STYLE = Automatic;
				DEVELOPMENT_TEAM = 87AP3TB9X5;
				INFOPLIST_FILE = TestChatApp/Info.plist;
				IPHONEOS_DEPLOYMENT_TARGET = 10.0;
				LD_RUNPATH_SEARCH_PATHS = (
					"$(inherited)",
					"@executable_path/Frameworks",
				);
				PRODUCT_BUNDLE_IDENTIFIER = com.interviewTest.TestChatApp;
				PRODUCT_NAME = "$(TARGET_NAME)";
				SWIFT_VERSION = 4.2;
				TARGETED_DEVICE_FAMILY = "1,2";
			};
			name = Release;
		};
/* End XCBuildConfiguration section */

/* Begin XCConfigurationList section */
		8E2F8A63227BD21D00DBD1F6 /* Build configuration list for PBXProject "TestChatApp" */ = {
			isa = XCConfigurationList;
			buildConfigurations = (
				8E2F8A78227BD22000DBD1F6 /* Debug */,
				8E2F8A79227BD22000DBD1F6 /* Release */,
			);
			defaultConfigurationIsVisible = 0;
			defaultConfigurationName = Release;
		};
		8E2F8A7A227BD22000DBD1F6 /* Build configuration list for PBXNativeTarget "TestChatApp" */ = {
			isa = XCConfigurationList;
			buildConfigurations = (
				8E2F8A7B227BD22000DBD1F6 /* Debug */,
				8E2F8A7C227BD22000DBD1F6 /* Release */,
			);
			defaultConfigurationIsVisible = 0;
			defaultConfigurationName = Release;
		};
/* End XCConfigurationList section */
	};
	rootObject = 8E2F8A60227BD21D00DBD1F6 /* Project object */;
}
